
Microsoft Visual Studio Solution File, Format Version 12.00
# Visual Studio 15
VisualStudioVersion = 15.0.26124.0
MinimumVisualStudioVersion = 15.0.26124.0
Project("{FAE04EC0-301F-11D3-BF4B-00C04F79EFBC}") = "Onitama.Starterbot.DotnetCore.Tests", "Onitama.Starterbot.DotnetCore.Tests\Onitama.Starterbot.DotnetCore.Tests.csproj", "{207FE9C5-8B69-4837-B9EB-5D31ED536542}"
EndProject
Project("{FAE04EC0-301F-11D3-BF4B-00C04F79EFBC}") = "OnitamaTestClient", "Onitama.Starterbot.DotnetCore\OnitamaTestClient.csproj", "{C7038AA5-1616-4402-A00F-40574596D0CF}"
EndProject
Global
	GlobalSection(SolutionConfigurationPlatforms) = preSolution
		Debug|Any CPU = Debug|Any CPU
		Debug|x64 = Debug|x64
		Debug|x86 = Debug|x86
		Release|Any CPU = Release|Any CPU
		Release|x64 = Release|x64
		Release|x86 = Release|x86
	EndGlobalSection
	GlobalSection(SolutionProperties) = preSolution
		HideSolutionNode = FALSE
	EndGlobalSection
	GlobalSection(ProjectConfigurationPlatforms) = postSolution
		{207FE9C5-8B69-4837-B9EB-5D31ED536542}.Debug|Any CPU.ActiveCfg = Debug|Any CPU
		{207FE9C5-8B69-4837-B9EB-5D31ED536542}.Debug|Any CPU.Build.0 = Debug|Any CPU
		{207FE9C5-8B69-4837-B9EB-5D31ED536542}.Debug|x64.ActiveCfg = Debug|Any CPU
		{207FE9C5-8B69-4837-B9EB-5D31ED536542}.Debug|x64.Build.0 = Debug|Any CPU
		{207FE9C5-8B69-4837-B9EB-5D31ED536542}.Debug|x86.ActiveCfg = Debug|Any CPU
		{207FE9C5-8B69-4837-B9EB-5D31ED536542}.Debug|x86.Build.0 = Debug|Any CPU
		{207FE9C5-8B69-4837-B9EB-5D31ED536542}.Release|Any CPU.ActiveCfg = Release|Any CPU
		{207FE9C5-8B69-4837-B9EB-5D31ED536542}.Release|Any CPU.Build.0 = Release|Any CPU
		{207FE9C5-8B69-4837-B9EB-5D31ED536542}.Release|x64.ActiveCfg = Release|Any CPU
		{207FE9C5-8B69-4837-B9EB-5D31ED536542}.Release|x64.Build.0 = Release|Any CPU
		{207FE9C5-8B69-4837-B9EB-5D31ED536542}.Release|x86.ActiveCfg = Release|Any CPU
		{207FE9C5-8B69-4837-B9EB-5D31ED536542}.Release|x86.Build.0 = Release|Any CPU
		{C7038AA5-1616-4402-A00F-40574596D0CF}.Debug|Any CPU.ActiveCfg = Debug|Any CPU
		{C7038AA5-1616-4402-A00F-40574596D0CF}.Debug|Any CPU.Build.0 = Debug|Any CPU
		{C7038AA5-1616-4402-A00F-40574596D0CF}.Debug|x64.ActiveCfg = Debug|Any CPU
		{C7038AA5-1616-4402-A00F-40574596D0CF}.Debug|x64.Build.0 = Debug|Any CPU
		{C7038AA5-1616-4402-A00F-40574596D0CF}.Debug|x86.ActiveCfg = Debug|Any CPU
		{C7038AA5-1616-4402-A00F-40574596D0CF}.Debug|x86.Build.0 = Debug|Any CPU
		{C7038AA5-1616-4402-A00F-40574596D0CF}.Release|Any CPU.ActiveCfg = Release|Any CPU
		{C7038AA5-1616-4402-A00F-40574596D0CF}.Release|Any CPU.Build.0 = Release|Any CPU
		{C7038AA5-1616-4402-A00F-40574596D0CF}.Release|x64.ActiveCfg = Release|Any CPU
		{C7038AA5-1616-4402-A00F-40574596D0CF}.Release|x64.Build.0 = Release|Any CPU
		{C7038AA5-1616-4402-A00F-40574596D0CF}.Release|x86.ActiveCfg = Release|Any CPU
		{C7038AA5-1616-4402-A00F-40574596D0CF}.Release|x86.Build.0 = Release|Any CPU
	EndGlobalSection
EndGlobal
